{
  "object": {
    "pins": [
      {
        "package": "Swinject",
        "repositoryURL": "https://github.com/Snailed-It/Swinject.git",
        "state": {
          "branch": null,
          "revision": "598d7f6422e8d82132631b597b0f8e5842499ddc",
          "version": "2.10.1"
        }
      }
    ]
  },
  "version": 1
}
